// !$*UTF8*$!
{
	archiveVersion = 1;
	classes = {
	};
	objectVersion = 55;
	objects = {

/* Begin PBXBuildFile section */
		1101EA1029080C0D00ED5DDF /* AddContactViewController.swift in Sources */ = {isa = PBXBuildFile; fileRef = 1101EA0E29080C0D00ED5DDF /* AddContactViewController.swift */; };
		1101EA1129080C0D00ED5DDF /* AddContactViewController.xib in Resources */ = {isa = PBXBuildFile; fileRef = 1101EA0F29080C0D00ED5DDF /* AddContactViewController.xib */; };
		1101EA1429084F6400ED5DDF /* Models.swift in Sources */ = {isa = PBXBuildFile; fileRef = 1101EA1329084F6400ED5DDF /* Models.swift */; };
		1101EA162908502500ED5DDF /* DataBaseManager.swift in Sources */ = {isa = PBXBuildFile; fileRef = 1101EA152908502500ED5DDF /* DataBaseManager.swift */; };
		1101EA182909542200ED5DDF /* AddContactViewModel.swift in Sources */ = {isa = PBXBuildFile; fileRef = 1101EA172909542200ED5DDF /* AddContactViewModel.swift */; };
		1101EA1A29095C1600ED5DDF /* ContactListViewModel.swift in Sources */ = {isa = PBXBuildFile; fileRef = 1101EA1929095C1600ED5DDF /* ContactListViewModel.swift */; };
		1101EA1E290E91A500ED5DDF /* GroupListViewController.swift in Sources */ = {isa = PBXBuildFile; fileRef = 1101EA1C290E91A500ED5DDF /* GroupListViewController.swift */; };
		1101EA1F290E91A500ED5DDF /* GroupListViewController.xib in Resources */ = {isa = PBXBuildFile; fileRef = 1101EA1D290E91A500ED5DDF /* GroupListViewController.xib */; };
		1101EA23290E9D8000ED5DDF /* ChooseMemberViewController.swift in Sources */ = {isa = PBXBuildFile; fileRef = 1101EA21290E9D8000ED5DDF /* ChooseMemberViewController.swift */; };
		1101EA24290E9D8000ED5DDF /* ChooseMemberViewController.xib in Resources */ = {isa = PBXBuildFile; fileRef = 1101EA22290E9D8000ED5DDF /* ChooseMemberViewController.xib */; };
		1101EA28290EACFC00ED5DDF /* GroupInfoViewController.swift in Sources */ = {isa = PBXBuildFile; fileRef = 1101EA26290EACFC00ED5DDF /* GroupInfoViewController.swift */; };
		1101EA29290EACFC00ED5DDF /* GroupInfoViewController.xib in Resources */ = {isa = PBXBuildFile; fileRef = 1101EA27290EACFC00ED5DDF /* GroupInfoViewController.xib */; };
		1101EA2B290EE7A700ED5DDF /* GroupInfoViewModel.swift in Sources */ = {isa = PBXBuildFile; fileRef = 1101EA2A290EE7A700ED5DDF /* GroupInfoViewModel.swift */; };
		1101EA2D290FB56100ED5DDF /* ChooseMemberViewModel.swift in Sources */ = {isa = PBXBuildFile; fileRef = 1101EA2C290FB56100ED5DDF /* ChooseMemberViewModel.swift */; };
		1101EA30290FD1B400ED5DDF /* MemberTableViewCell.swift in Sources */ = {isa = PBXBuildFile; fileRef = 1101EA2E290FD1B400ED5DDF /* MemberTableViewCell.swift */; };
		1101EA31290FD1B400ED5DDF /* MemberTableViewCell.xib in Resources */ = {isa = PBXBuildFile; fileRef = 1101EA2F290FD1B400ED5DDF /* MemberTableViewCell.xib */; };
		1130F12F28FDCAC500E735D4 /* AppDelegate.swift in Sources */ = {isa = PBXBuildFile; fileRef = 1130F12E28FDCAC500E735D4 /* AppDelegate.swift */; };
		1130F13828FDCAD000E735D4 /* Assets.xcassets in Resources */ = {isa = PBXBuildFile; fileRef = 1130F13728FDCAD000E735D4 /* Assets.xcassets */; };
		1130F13B28FDCAD000E735D4 /* LaunchScreen.storyboard in Resources */ = {isa = PBXBuildFile; fileRef = 1130F13928FDCAD000E735D4 /* LaunchScreen.storyboard */; };
		1130F15328FEA0A200E735D4 /* ContactListViewController.swift in Sources */ = {isa = PBXBuildFile; fileRef = 1130F15128FEA0A200E735D4 /* ContactListViewController.swift */; };
		1130F15428FEA0A200E735D4 /* ContactListViewController.xib in Resources */ = {isa = PBXBuildFile; fileRef = 1130F15228FEA0A200E735D4 /* ContactListViewController.xib */; };
		1130F15628FEB73200E735D4 /* TabBarController.swift in Sources */ = {isa = PBXBuildFile; fileRef = 1130F15528FEB73200E735D4 /* TabBarController.swift */; };
		1130F1662900685400E735D4 /* ContactTableViewCell.swift in Sources */ = {isa = PBXBuildFile; fileRef = 1130F1642900685400E735D4 /* ContactTableViewCell.swift */; };
		1130F1672900685400E735D4 /* ContactTableViewCell.xib in Resources */ = {isa = PBXBuildFile; fileRef = 1130F1652900685400E735D4 /* ContactTableViewCell.xib */; };
		1199BADC2913B74400FA34F4 /* GroupListViewModel.swift in Sources */ = {isa = PBXBuildFile; fileRef = 1199BADB2913B74400FA34F4 /* GroupListViewModel.swift */; };
		1199BADF2913CB3600FA34F4 /* GroupTableViewCell.swift in Sources */ = {isa = PBXBuildFile; fileRef = 1199BADD2913CB3600FA34F4 /* GroupTableViewCell.swift */; };
		1199BAE02913CB3600FA34F4 /* GroupTableViewCell.xib in Resources */ = {isa = PBXBuildFile; fileRef = 1199BADE2913CB3600FA34F4 /* GroupTableViewCell.xib */; };
		1199BAE42916B48500FA34F4 /* DetailGroupViewController.swift in Sources */ = {isa = PBXBuildFile; fileRef = 1199BAE22916B48500FA34F4 /* DetailGroupViewController.swift */; };
		1199BAE52916B48500FA34F4 /* DetailGroupViewController.xib in Resources */ = {isa = PBXBuildFile; fileRef = 1199BAE32916B48500FA34F4 /* DetailGroupViewController.xib */; };
		1199BAE72916BCEA00FA34F4 /* DetailGroupViewModel.swift in Sources */ = {isa = PBXBuildFile; fileRef = 1199BAE62916BCEA00FA34F4 /* DetailGroupViewModel.swift */; };
		1199BAEE291A75A100FA34F4 /* DetailGroupTableViewCell.swift in Sources */ = {isa = PBXBuildFile; fileRef = 1199BAEC291A75A100FA34F4 /* DetailGroupTableViewCell.swift */; };
		1199BAEF291A75A100FA34F4 /* DetailGroupTableViewCell.xib in Resources */ = {isa = PBXBuildFile; fileRef = 1199BAED291A75A100FA34F4 /* DetailGroupTableViewCell.xib */; };
		E168CED9762AC7F59DCA62B9 /* Pods_SplitWise.framework in Frameworks */ = {isa = PBXBuildFile; fileRef = 5BD03CE28B646DE4D3273FB1 /* Pods_SplitWise.framework */; };
/* End PBXBuildFile section */

/* Begin PBXFileReference section */
		1101EA0E29080C0D00ED5DDF /* AddContactViewController.swift */ = {isa = PBXFileReference; lastKnownFileType = sourcecode.swift; path = AddContactViewController.swift; sourceTree = "<group>"; };
		1101EA0F29080C0D00ED5DDF /* AddContactViewController.xib */ = {isa = PBXFileReference; lastKnownFileType = file.xib; path = AddContactViewController.xib; sourceTree = "<group>"; };
		1101EA1329084F6400ED5DDF /* Models.swift */ = {isa = PBXFileReference; lastKnownFileType = sourcecode.swift; path = Models.swift; sourceTree = "<group>"; };
		1101EA152908502500ED5DDF /* DataBaseManager.swift */ = {isa = PBXFileReference; lastKnownFileType = sourcecode.swift; path = DataBaseManager.swift; sourceTree = "<group>"; };
		1101EA172909542200ED5DDF /* AddContactViewModel.swift */ = {isa = PBXFileReference; lastKnownFileType = sourcecode.swift; path = AddContactViewModel.swift; sourceTree = "<group>"; };
		1101EA1929095C1600ED5DDF /* ContactListViewModel.swift */ = {isa = PBXFileReference; lastKnownFileType = sourcecode.swift; path = ContactListViewModel.swift; sourceTree = "<group>"; };
		1101EA1C290E91A500ED5DDF /* GroupListViewController.swift */ = {isa = PBXFileReference; lastKnownFileType = sourcecode.swift; path = GroupListViewController.swift; sourceTree = "<group>"; };
		1101EA1D290E91A500ED5DDF /* GroupListViewController.xib */ = {isa = PBXFileReference; lastKnownFileType = file.xib; path = GroupListViewController.xib; sourceTree = "<group>"; };
		1101EA21290E9D8000ED5DDF /* ChooseMemberViewController.swift */ = {isa = PBXFileReference; lastKnownFileType = sourcecode.swift; path = ChooseMemberViewController.swift; sourceTree = "<group>"; };
		1101EA22290E9D8000ED5DDF /* ChooseMemberViewController.xib */ = {isa = PBXFileReference; lastKnownFileType = file.xib; path = ChooseMemberViewController.xib; sourceTree = "<group>"; };
		1101EA26290EACFC00ED5DDF /* GroupInfoViewController.swift */ = {isa = PBXFileReference; lastKnownFileType = sourcecode.swift; path = GroupInfoViewController.swift; sourceTree = "<group>"; };
		1101EA27290EACFC00ED5DDF /* GroupInfoViewController.xib */ = {isa = PBXFileReference; lastKnownFileType = file.xib; path = GroupInfoViewController.xib; sourceTree = "<group>"; };
		1101EA2A290EE7A700ED5DDF /* GroupInfoViewModel.swift */ = {isa = PBXFileReference; lastKnownFileType = sourcecode.swift; path = GroupInfoViewModel.swift; sourceTree = "<group>"; };
		1101EA2C290FB56100ED5DDF /* ChooseMemberViewModel.swift */ = {isa = PBXFileReference; lastKnownFileType = sourcecode.swift; path = ChooseMemberViewModel.swift; sourceTree = "<group>"; };
		1101EA2E290FD1B400ED5DDF /* MemberTableViewCell.swift */ = {isa = PBXFileReference; lastKnownFileType = sourcecode.swift; path = MemberTableViewCell.swift; sourceTree = "<group>"; };
		1101EA2F290FD1B400ED5DDF /* MemberTableViewCell.xib */ = {isa = PBXFileReference; lastKnownFileType = file.xib; path = MemberTableViewCell.xib; sourceTree = "<group>"; };
		1130F12B28FDCAC500E735D4 /* SplitWise.app */ = {isa = PBXFileReference; explicitFileType = wrapper.application; includeInIndex = 0; path = SplitWise.app; sourceTree = BUILT_PRODUCTS_DIR; };
		1130F12E28FDCAC500E735D4 /* AppDelegate.swift */ = {isa = PBXFileReference; lastKnownFileType = sourcecode.swift; path = AppDelegate.swift; sourceTree = "<group>"; };
		1130F13728FDCAD000E735D4 /* Assets.xcassets */ = {isa = PBXFileReference; lastKnownFileType = folder.assetcatalog; path = Assets.xcassets; sourceTree = "<group>"; };
		1130F13A28FDCAD000E735D4 /* Base */ = {isa = PBXFileReference; lastKnownFileType = file.storyboard; name = Base; path = Base.lproj/LaunchScreen.storyboard; sourceTree = "<group>"; };
		1130F13C28FDCAD000E735D4 /* Info.plist */ = {isa = PBXFileReference; lastKnownFileType = text.plist.xml; path = Info.plist; sourceTree = "<group>"; };
		1130F15128FEA0A200E735D4 /* ContactListViewController.swift */ = {isa = PBXFileReference; lastKnownFileType = sourcecode.swift; path = ContactListViewController.swift; sourceTree = "<group>"; };
		1130F15228FEA0A200E735D4 /* ContactListViewController.xib */ = {isa = PBXFileReference; lastKnownFileType = file.xib; path = ContactListViewController.xib; sourceTree = "<group>"; };
		1130F15528FEB73200E735D4 /* TabBarController.swift */ = {isa = PBXFileReference; lastKnownFileType = sourcecode.swift; path = TabBarController.swift; sourceTree = "<group>"; };
		1130F1642900685400E735D4 /* ContactTableViewCell.swift */ = {isa = PBXFileReference; lastKnownFileType = sourcecode.swift; path = ContactTableViewCell.swift; sourceTree = "<group>"; };
		1130F1652900685400E735D4 /* ContactTableViewCell.xib */ = {isa = PBXFileReference; lastKnownFileType = file.xib; path = ContactTableViewCell.xib; sourceTree = "<group>"; };
		1199BADB2913B74400FA34F4 /* GroupListViewModel.swift */ = {isa = PBXFileReference; lastKnownFileType = sourcecode.swift; path = GroupListViewModel.swift; sourceTree = "<group>"; };
		1199BADD2913CB3600FA34F4 /* GroupTableViewCell.swift */ = {isa = PBXFileReference; lastKnownFileType = sourcecode.swift; path = GroupTableViewCell.swift; sourceTree = "<group>"; };
		1199BADE2913CB3600FA34F4 /* GroupTableViewCell.xib */ = {isa = PBXFileReference; lastKnownFileType = file.xib; path = GroupTableViewCell.xib; sourceTree = "<group>"; };
		1199BAE22916B48500FA34F4 /* DetailGroupViewController.swift */ = {isa = PBXFileReference; lastKnownFileType = sourcecode.swift; path = DetailGroupViewController.swift; sourceTree = "<group>"; };
		1199BAE32916B48500FA34F4 /* DetailGroupViewController.xib */ = {isa = PBXFileReference; lastKnownFileType = file.xib; path = DetailGroupViewController.xib; sourceTree = "<group>"; };
		1199BAE62916BCEA00FA34F4 /* DetailGroupViewModel.swift */ = {isa = PBXFileReference; lastKnownFileType = sourcecode.swift; path = DetailGroupViewModel.swift; sourceTree = "<group>"; };
		1199BAEC291A75A100FA34F4 /* DetailGroupTableViewCell.swift */ = {isa = PBXFileReference; lastKnownFileType = sourcecode.swift; path = DetailGroupTableViewCell.swift; sourceTree = "<group>"; };
		1199BAED291A75A100FA34F4 /* DetailGroupTableViewCell.xib */ = {isa = PBXFileReference; lastKnownFileType = file.xib; path = DetailGroupTableViewCell.xib; sourceTree = "<group>"; };
		3D3B5EFCEA51B835A34F1514 /* Pods-SplitWise.release.xcconfig */ = {isa = PBXFileReference; includeInIndex = 1; lastKnownFileType = text.xcconfig; name = "Pods-SplitWise.release.xcconfig"; path = "Target Support Files/Pods-SplitWise/Pods-SplitWise.release.xcconfig"; sourceTree = "<group>"; };
		5BD03CE28B646DE4D3273FB1 /* Pods_SplitWise.framework */ = {isa = PBXFileReference; explicitFileType = wrapper.framework; includeInIndex = 0; path = Pods_SplitWise.framework; sourceTree = BUILT_PRODUCTS_DIR; };
		8DE427D88F036F5A2DE20340 /* Pods-SplitWise.debug.xcconfig */ = {isa = PBXFileReference; includeInIndex = 1; lastKnownFileType = text.xcconfig; name = "Pods-SplitWise.debug.xcconfig"; path = "Target Support Files/Pods-SplitWise/Pods-SplitWise.debug.xcconfig"; sourceTree = "<group>"; };
/* End PBXFileReference section */

/* Begin PBXFrameworksBuildPhase section */
		1130F12828FDCAC500E735D4 /* Frameworks */ = {
			isa = PBXFrameworksBuildPhase;
			buildActionMask = 2147483647;
			files = (
				E168CED9762AC7F59DCA62B9 /* Pods_SplitWise.framework in Frameworks */,
			);
			runOnlyForDeploymentPostprocessing = 0;
		};
/* End PBXFrameworksBuildPhase section */

/* Begin PBXGroup section */
		1101EA0D29080BBF00ED5DDF /* AddContactView */ = {
			isa = PBXGroup;
			children = (
				1101EA0E29080C0D00ED5DDF /* AddContactViewController.swift */,
				1101EA0F29080C0D00ED5DDF /* AddContactViewController.xib */,
				1101EA172909542200ED5DDF /* AddContactViewModel.swift */,
			);
			path = AddContactView;
			sourceTree = "<group>";
		};
		1101EA1229084F4800ED5DDF /* Realm */ = {
			isa = PBXGroup;
			children = (
				1101EA1329084F6400ED5DDF /* Models.swift */,
				1101EA152908502500ED5DDF /* DataBaseManager.swift */,
			);
			path = Realm;
			sourceTree = "<group>";
		};
		1101EA1B290E916600ED5DDF /* GroupListViewController */ = {
			isa = PBXGroup;
			children = (
				1101EA1D290E91A500ED5DDF /* GroupListViewController.xib */,
				1101EA1C290E91A500ED5DDF /* GroupListViewController.swift */,
				1199BADD2913CB3600FA34F4 /* GroupTableViewCell.swift */,
				1199BADE2913CB3600FA34F4 /* GroupTableViewCell.xib */,
				1199BADB2913B74400FA34F4 /* GroupListViewModel.swift */,
			);
			path = GroupListViewController;
			sourceTree = "<group>";
		};
		1101EA20290E9CD500ED5DDF /* ChooseMemberViewController */ = {
			isa = PBXGroup;
			children = (
				1101EA21290E9D8000ED5DDF /* ChooseMemberViewController.swift */,
				1101EA22290E9D8000ED5DDF /* ChooseMemberViewController.xib */,
				1101EA2E290FD1B400ED5DDF /* MemberTableViewCell.swift */,
				1101EA2F290FD1B400ED5DDF /* MemberTableViewCell.xib */,
				1101EA2C290FB56100ED5DDF /* ChooseMemberViewModel.swift */,
			);
			path = ChooseMemberViewController;
			sourceTree = "<group>";
		};
		1101EA25290EAC9B00ED5DDF /* NewGroupInfoViewController */ = {
			isa = PBXGroup;
			children = (
				1101EA26290EACFC00ED5DDF /* GroupInfoViewController.swift */,
				1101EA27290EACFC00ED5DDF /* GroupInfoViewController.xib */,
				1101EA2A290EE7A700ED5DDF /* GroupInfoViewModel.swift */,
			);
			path = NewGroupInfoViewController;
			sourceTree = "<group>";
		};
		1130F12228FDCAC500E735D4 = {
			isa = PBXGroup;
			children = (
				1199BAE12916B44800FA34F4 /* DetailGroupViewControlle */,
				1130F15F28FF2ACE00E735D4 /* TabBarControllers */,
				1101EA0D29080BBF00ED5DDF /* AddContactView */,
				1130F14A28FDCD5200E735D4 /* ContactListView */,
				1101EA1B290E916600ED5DDF /* GroupListViewController */,
				1101EA25290EAC9B00ED5DDF /* NewGroupInfoViewController */,
				1101EA20290E9CD500ED5DDF /* ChooseMemberViewController */,
				1101EA1229084F4800ED5DDF /* Realm */,
				1130F12D28FDCAC500E735D4 /* SplitWise */,
				1130F12C28FDCAC500E735D4 /* Products */,
				1BAD014931C7E3C00D6A6393 /* Pods */,
				A29D59909C920B9972A1C64F /* Frameworks */,
			);
			sourceTree = "<group>";
		};
		1130F12C28FDCAC500E735D4 /* Products */ = {
			isa = PBXGroup;
			children = (
				1130F12B28FDCAC500E735D4 /* SplitWise.app */,
			);
			name = Products;
			sourceTree = "<group>";
		};
		1130F12D28FDCAC500E735D4 /* SplitWise */ = {
			isa = PBXGroup;
			children = (
				1130F12E28FDCAC500E735D4 /* AppDelegate.swift */,
				1130F13728FDCAD000E735D4 /* Assets.xcassets */,
				1130F13928FDCAD000E735D4 /* LaunchScreen.storyboard */,
				1130F13C28FDCAD000E735D4 /* Info.plist */,
			);
			path = SplitWise;
			sourceTree = "<group>";
		};
		1130F14A28FDCD5200E735D4 /* ContactListView */ = {
			isa = PBXGroup;
			children = (
				1130F15228FEA0A200E735D4 /* ContactListViewController.xib */,
				1130F15128FEA0A200E735D4 /* ContactListViewController.swift */,
				1130F1652900685400E735D4 /* ContactTableViewCell.xib */,
				1130F1642900685400E735D4 /* ContactTableViewCell.swift */,
				1101EA1929095C1600ED5DDF /* ContactListViewModel.swift */,
			);
			path = ContactListView;
			sourceTree = "<group>";
		};
		1130F15F28FF2ACE00E735D4 /* TabBarControllers */ = {
			isa = PBXGroup;
			children = (
				1130F15528FEB73200E735D4 /* TabBarController.swift */,
			);
			path = TabBarControllers;
			sourceTree = "<group>";
		};
		1199BAE12916B44800FA34F4 /* DetailGroupViewControlle */ = {
			isa = PBXGroup;
			children = (
				1199BAE32916B48500FA34F4 /* DetailGroupViewController.xib */,
				1199BAE22916B48500FA34F4 /* DetailGroupViewController.swift */,
				1199BAED291A75A100FA34F4 /* DetailGroupTableViewCell.xib */,
				1199BAEC291A75A100FA34F4 /* DetailGroupTableViewCell.swift */,
				1199BAE62916BCEA00FA34F4 /* DetailGroupViewModel.swift */,
			);
			path = DetailGroupViewControlle;
			sourceTree = "<group>";
		};
		1BAD014931C7E3C00D6A6393 /* Pods */ = {
			isa = PBXGroup;
			children = (
				8DE427D88F036F5A2DE20340 /* Pods-SplitWise.debug.xcconfig */,
				3D3B5EFCEA51B835A34F1514 /* Pods-SplitWise.release.xcconfig */,
			);
			path = Pods;
			sourceTree = "<group>";
		};
		A29D59909C920B9972A1C64F /* Frameworks */ = {
			isa = PBXGroup;
			children = (
				5BD03CE28B646DE4D3273FB1 /* Pods_SplitWise.framework */,
			);
			name = Frameworks;
			sourceTree = "<group>";
		};
/* End PBXGroup section */

/* Begin PBXNativeTarget section */
		1130F12A28FDCAC500E735D4 /* SplitWise */ = {
			isa = PBXNativeTarget;
			buildConfigurationList = 1130F13F28FDCAD000E735D4 /* Build configuration list for PBXNativeTarget "SplitWise" */;
			buildPhases = (
				FE294EA9A222FD158C21FABC /* [CP] Check Pods Manifest.lock */,
				1130F12728FDCAC500E735D4 /* Sources */,
				1130F12828FDCAC500E735D4 /* Frameworks */,
				1130F12928FDCAC500E735D4 /* Resources */,
				C592354D4A0AAA78F623D6AF /* [CP] Embed Pods Frameworks */,
			);
			buildRules = (
			);
			dependencies = (
			);
			name = SplitWise;
			productName = SplitWise;
			productReference = 1130F12B28FDCAC500E735D4 /* SplitWise.app */;
			productType = "com.apple.product-type.application";
		};
/* End PBXNativeTarget section */

/* Begin PBXProject section */
		1130F12328FDCAC500E735D4 /* Project object */ = {
			isa = PBXProject;
			attributes = {
				BuildIndependentTargetsInParallel = 1;
				LastSwiftUpdateCheck = 1340;
				LastUpgradeCheck = 1340;
				TargetAttributes = {
					1130F12A28FDCAC500E735D4 = {
						CreatedOnToolsVersion = 13.4.1;
					};
				};
			};
			buildConfigurationList = 1130F12628FDCAC500E735D4 /* Build configuration list for PBXProject "SplitWise" */;
			compatibilityVersion = "Xcode 13.0";
			developmentRegion = en;
			hasScannedForEncodings = 0;
			knownRegions = (
				en,
				Base,
			);
			mainGroup = 1130F12228FDCAC500E735D4;
			productRefGroup = 1130F12C28FDCAC500E735D4 /* Products */;
			projectDirPath = "";
			projectRoot = "";
			targets = (
				1130F12A28FDCAC500E735D4 /* SplitWise */,
			);
		};
/* End PBXProject section */

/* Begin PBXResourcesBuildPhase section */
		1130F12928FDCAC500E735D4 /* Resources */ = {
			isa = PBXResourcesBuildPhase;
			buildActionMask = 2147483647;
			files = (
				1199BAEF291A75A100FA34F4 /* DetailGroupTableViewCell.xib in Resources */,
				1101EA1F290E91A500ED5DDF /* GroupListViewController.xib in Resources */,
				1130F13B28FDCAD000E735D4 /* LaunchScreen.storyboard in Resources */,
				1130F15428FEA0A200E735D4 /* ContactListViewController.xib in Resources */,
				1101EA1129080C0D00ED5DDF /* AddContactViewController.xib in Resources */,
				1101EA29290EACFC00ED5DDF /* GroupInfoViewController.xib in Resources */,
				1130F1672900685400E735D4 /* ContactTableViewCell.xib in Resources */,
				1101EA24290E9D8000ED5DDF /* ChooseMemberViewController.xib in Resources */,
				1199BAE02913CB3600FA34F4 /* GroupTableViewCell.xib in Resources */,
				1199BAE52916B48500FA34F4 /* DetailGroupViewController.xib in Resources */,
				1101EA31290FD1B400ED5DDF /* MemberTableViewCell.xib in Resources */,
				1130F13828FDCAD000E735D4 /* Assets.xcassets in Resources */,
			);
			runOnlyForDeploymentPostprocessing = 0;
		};
/* End PBXResourcesBuildPhase section */

/* Begin PBXShellScriptBuildPhase section */
		C592354D4A0AAA78F623D6AF /* [CP] Embed Pods Frameworks */ = {
			isa = PBXShellScriptBuildPhase;
			buildActionMask = 2147483647;
			files = (
			);
			inputFileListPaths = (
				"${PODS_ROOT}/Target Support Files/Pods-SplitWise/Pods-SplitWise-frameworks-${CONFIGURATION}-input-files.xcfilelist",
			);
			name = "[CP] Embed Pods Frameworks";
			outputFileListPaths = (
				"${PODS_ROOT}/Target Support Files/Pods-SplitWise/Pods-SplitWise-frameworks-${CONFIGURATION}-output-files.xcfilelist",
			);
			runOnlyForDeploymentPostprocessing = 0;
			shellPath = /bin/sh;
			shellScript = "\"${PODS_ROOT}/Target Support Files/Pods-SplitWise/Pods-SplitWise-frameworks.sh\"\n";
			showEnvVarsInLog = 0;
		};
		FE294EA9A222FD158C21FABC /* [CP] Check Pods Manifest.lock */ = {
			isa = PBXShellScriptBuildPhase;
			buildActionMask = 2147483647;
			files = (
			);
			inputFileListPaths = (
			);
			inputPaths = (
				"${PODS_PODFILE_DIR_PATH}/Podfile.lock",
				"${PODS_ROOT}/Manifest.lock",
			);
			name = "[CP] Check Pods Manifest.lock";
			outputFileListPaths = (
			);
			outputPaths = (
				"$(DERIVED_FILE_DIR)/Pods-SplitWise-checkManifestLockResult.txt",
			);
			runOnlyForDeploymentPostprocessing = 0;
			shellPath = /bin/sh;
			shellScript = "diff \"${PODS_PODFILE_DIR_PATH}/Podfile.lock\" \"${PODS_ROOT}/Manifest.lock\" > /dev/null\nif [ $? != 0 ] ; then\n    # print error to STDERR\n    echo \"error: The sandbox is not in sync with the Podfile.lock. Run 'pod install' or update your CocoaPods installation.\" >&2\n    exit 1\nfi\n# This output is used by Xcode 'outputs' to avoid re-running this script phase.\necho \"SUCCESS\" > \"${SCRIPT_OUTPUT_FILE_0}\"\n";
			showEnvVarsInLog = 0;
		};
/* End PBXShellScriptBuildPhase section */

/* Begin PBXSourcesBuildPhase section */
		1130F12728FDCAC500E735D4 /* Sources */ = {
			isa = PBXSourcesBuildPhase;
			buildActionMask = 2147483647;
			files = (
				1101EA1A29095C1600ED5DDF /* ContactListViewModel.swift in Sources */,
				1199BAE72916BCEA00FA34F4 /* DetailGroupViewModel.swift in Sources */,
				1101EA2D290FB56100ED5DDF /* ChooseMemberViewModel.swift in Sources */,
				1199BADC2913B74400FA34F4 /* GroupListViewModel.swift in Sources */,
				1199BAEE291A75A100FA34F4 /* DetailGroupTableViewCell.swift in Sources */,
				1101EA1429084F6400ED5DDF /* Models.swift in Sources */,
				1130F15328FEA0A200E735D4 /* ContactListViewController.swift in Sources */,
				1101EA182909542200ED5DDF /* AddContactViewModel.swift in Sources */,
				1101EA1029080C0D00ED5DDF /* AddContactViewController.swift in Sources */,
				1101EA2B290EE7A700ED5DDF /* GroupInfoViewModel.swift in Sources */,
				1101EA1E290E91A500ED5DDF /* GroupListViewController.swift in Sources */,
				1199BADF2913CB3600FA34F4 /* GroupTableViewCell.swift in Sources */,
				1130F12F28FDCAC500E735D4 /* AppDelegate.swift in Sources */,
				1199BAE42916B48500FA34F4 /* DetailGroupViewController.swift in Sources */,
				1101EA23290E9D8000ED5DDF /* ChooseMemberViewController.swift in Sources */,
				1130F1662900685400E735D4 /* ContactTableViewCell.swift in Sources */,
				1130F15628FEB73200E735D4 /* TabBarController.swift in Sources */,
				1101EA28290EACFC00ED5DDF /* GroupInfoViewController.swift in Sources */,
				1101EA162908502500ED5DDF /* DataBaseManager.swift in Sources */,
				1101EA30290FD1B400ED5DDF /* MemberTableViewCell.swift in Sources */,
			);
			runOnlyForDeploymentPostprocessing = 0;
		};
/* End PBXSourcesBuildPhase section */

/* Begin PBXVariantGroup section */
		1130F13928FDCAD000E735D4 /* LaunchScreen.storyboard */ = {
			isa = PBXVariantGroup;
			children = (
				1130F13A28FDCAD000E735D4 /* Base */,
			);
			name = LaunchScreen.storyboard;
			sourceTree = "<group>";
		};
/* End PBXVariantGroup section */

/* Begin XCBuildConfiguration section */
		1130F13D28FDCAD000E735D4 /* Debug */ = {
			isa = XCBuildConfiguration;
			buildSettings = {
				ALWAYS_SEARCH_USER_PATHS = NO;
				CLANG_ANALYZER_NONNULL = YES;
				CLANG_ANALYZER_NUMBER_OBJECT_CONVERSION = YES_AGGRESSIVE;
				CLANG_CXX_LANGUAGE_STANDARD = "gnu++17";
				CLANG_ENABLE_MODULES = YES;
				CLANG_ENABLE_OBJC_ARC = YES;
				CLANG_ENABLE_OBJC_WEAK = YES;
				CLANG_WARN_BLOCK_CAPTURE_AUTORELEASING = YES;
				CLANG_WARN_BOOL_CONVERSION = YES;
				CLANG_WARN_COMMA = YES;
				CLANG_WARN_CONSTANT_CONVERSION = YES;
				CLANG_WARN_DEPRECATED_OBJC_IMPLEMENTATIONS = YES;
				CLANG_WARN_DIRECT_OBJC_ISA_USAGE = YES_ERROR;
				CLANG_WARN_DOCUMENTATION_COMMENTS = YES;
				CLANG_WARN_EMPTY_BODY = YES;
				CLANG_WARN_ENUM_CONVERSION = YES;
				CLANG_WARN_INFINITE_RECURSION = YES;
				CLANG_WARN_INT_CONVERSION = YES;
				CLANG_WARN_NON_LITERAL_NULL_CONVERSION = YES;
				CLANG_WARN_OBJC_IMPLICIT_RETAIN_SELF = YES;
				CLANG_WARN_OBJC_LITERAL_CONVERSION = YES;
				CLANG_WARN_OBJC_ROOT_CLASS = YES_ERROR;
				CLANG_WARN_QUOTED_INCLUDE_IN_FRAMEWORK_HEADER = YES;
				CLANG_WARN_RANGE_LOOP_ANALYSIS = YES;
				CLANG_WARN_STRICT_PROTOTYPES = YES;
				CLANG_WARN_SUSPICIOUS_MOVE = YES;
				CLANG_WARN_UNGUARDED_AVAILABILITY = YES_AGGRESSIVE;
				CLANG_WARN_UNREACHABLE_CODE = YES;
				CLANG_WARN__DUPLICATE_METHOD_MATCH = YES;
				COPY_PHASE_STRIP = NO;
				DEBUG_INFORMATION_FORMAT = dwarf;
				ENABLE_STRICT_OBJC_MSGSEND = YES;
				ENABLE_TESTABILITY = YES;
				GCC_C_LANGUAGE_STANDARD = gnu11;
				GCC_DYNAMIC_NO_PIC = NO;
				GCC_NO_COMMON_BLOCKS = YES;
				GCC_OPTIMIZATION_LEVEL = 0;
				GCC_PREPROCESSOR_DEFINITIONS = (
					"DEBUG=1",
					"$(inherited)",
				);
				GCC_WARN_64_TO_32_BIT_CONVERSION = YES;
				GCC_WARN_ABOUT_RETURN_TYPE = YES_ERROR;
				GCC_WARN_UNDECLARED_SELECTOR = YES;
				GCC_WARN_UNINITIALIZED_AUTOS = YES_AGGRESSIVE;
				GCC_WARN_UNUSED_FUNCTION = YES;
				GCC_WARN_UNUSED_VARIABLE = YES;
				IPHONEOS_DEPLOYMENT_TARGET = 15.5;
				MTL_ENABLE_DEBUG_INFO = INCLUDE_SOURCE;
				MTL_FAST_MATH = YES;
				ONLY_ACTIVE_ARCH = YES;
				SDKROOT = iphoneos;
				SWIFT_ACTIVE_COMPILATION_CONDITIONS = DEBUG;
				SWIFT_OPTIMIZATION_LEVEL = "-Onone";
			};
			name = Debug;
		};
		1130F13E28FDCAD000E735D4 /* Release */ = {
			isa = XCBuildConfiguration;
			buildSettings = {
				ALWAYS_SEARCH_USER_PATHS = NO;
				CLANG_ANALYZER_NONNULL = YES;
				CLANG_ANALYZER_NUMBER_OBJECT_CONVERSION = YES_AGGRESSIVE;
				CLANG_CXX_LANGUAGE_STANDARD = "gnu++17";
				CLANG_ENABLE_MODULES = YES;
				CLANG_ENABLE_OBJC_ARC = YES;
				CLANG_ENABLE_OBJC_WEAK = YES;
				CLANG_WARN_BLOCK_CAPTURE_AUTORELEASING = YES;
				CLANG_WARN_BOOL_CONVERSION = YES;
				CLANG_WARN_COMMA = YES;
				CLANG_WARN_CONSTANT_CONVERSION = YES;
				CLANG_WARN_DEPRECATED_OBJC_IMPLEMENTATIONS = YES;
				CLANG_WARN_DIRECT_OBJC_ISA_USAGE = YES_ERROR;
				CLANG_WARN_DOCUMENTATION_COMMENTS = YES;
				CLANG_WARN_EMPTY_BODY = YES;
				CLANG_WARN_ENUM_CONVERSION = YES;
				CLANG_WARN_INFINITE_RECURSION = YES;
				CLANG_WARN_INT_CONVERSION = YES;
				CLANG_WARN_NON_LITERAL_NULL_CONVERSION = YES;
				CLANG_WARN_OBJC_IMPLICIT_RETAIN_SELF = YES;
				CLANG_WARN_OBJC_LITERAL_CONVERSION = YES;
				CLANG_WARN_OBJC_ROOT_CLASS = YES_ERROR;
				CLANG_WARN_QUOTED_INCLUDE_IN_FRAMEWORK_HEADER = YES;
				CLANG_WARN_RANGE_LOOP_ANALYSIS = YES;
				CLANG_WARN_STRICT_PROTOTYPES = YES;
				CLANG_WARN_SUSPICIOUS_MOVE = YES;
				CLANG_WARN_UNGUARDED_AVAILABILITY = YES_AGGRESSIVE;
				CLANG_WARN_UNREACHABLE_CODE = YES;
				CLANG_WARN__DUPLICATE_METHOD_MATCH = YES;
				COPY_PHASE_STRIP = NO;
				DEBUG_INFORMATION_FORMAT = "dwarf-with-dsym";
				ENABLE_NS_ASSERTIONS = NO;
				ENABLE_STRICT_OBJC_MSGSEND = YES;
				GCC_C_LANGUAGE_STANDARD = gnu11;
				GCC_NO_COMMON_BLOCKS = YES;
				GCC_WARN_64_TO_32_BIT_CONVERSION = YES;
				GCC_WARN_ABOUT_RETURN_TYPE = YES_ERROR;
				GCC_WARN_UNDECLARED_SELECTOR = YES;
				GCC_WARN_UNINITIALIZED_AUTOS = YES_AGGRESSIVE;
				GCC_WARN_UNUSED_FUNCTION = YES;
				GCC_WARN_UNUSED_VARIABLE = YES;
				IPHONEOS_DEPLOYMENT_TARGET = 15.5;
				MTL_ENABLE_DEBUG_INFO = NO;
				MTL_FAST_MATH = YES;
				SDKROOT = iphoneos;
				SWIFT_COMPILATION_MODE = wholemodule;
				SWIFT_OPTIMIZATION_LEVEL = "-O";
				VALIDATE_PRODUCT = YES;
			};
			name = Release;
		};
		1130F14028FDCAD000E735D4 /* Debug */ = {
			isa = XCBuildConfiguration;
			baseConfigurationReference = 8DE427D88F036F5A2DE20340 /* Pods-SplitWise.debug.xcconfig */;
			buildSettings = {
				ASSETCATALOG_COMPILER_APPICON_NAME = AppIcon;
				ASSETCATALOG_COMPILER_GLOBAL_ACCENT_COLOR_NAME = AccentColor;
				CODE_SIGN_STYLE = Automatic;
				CURRENT_PROJECT_VERSION = 1;
				GENERATE_INFOPLIST_FILE = YES;
				INFOPLIST_FILE = SplitWise/Info.plist;
				INFOPLIST_KEY_UIApplicationSupportsIndirectInputEvents = YES;
				INFOPLIST_KEY_UILaunchStoryboardName = LaunchScreen;
				INFOPLIST_KEY_UISupportedInterfaceOrientations_iPad = "UIInterfaceOrientationPortrait UIInterfaceOrientationPortraitUpsideDown UIInterfaceOrientationLandscapeLeft UIInterfaceOrientationLandscapeRight";
				INFOPLIST_KEY_UISupportedInterfaceOrientations_iPhone = "UIInterfaceOrientationPortrait UIInterfaceOrientationLandscapeLeft UIInterfaceOrientationLandscapeRight";
				LD_RUNPATH_SEARCH_PATHS = (
					"$(inherited)",
					"@executable_path/Frameworks",
				);
				MARKETING_VERSION = 1.0;
				PRODUCT_BUNDLE_IDENTIFIER = RandomCorp.SplitWise;
				PRODUCT_NAME = "$(TARGET_NAME)";
				SWIFT_EMIT_LOC_STRINGS = YES;
				SWIFT_VERSION = 5.0;
				TARGETED_DEVICE_FAMILY = "1,2";
			};
			name = Debug;
		};
		1130F14128FDCAD000E735D4 /* Release */ = {
			isa = XCBuildConfiguration;
			baseConfigurationReference = 3D3B5EFCEA51B835A34F1514 /* Pods-SplitWise.release.xcconfig */;
			buildSettings = {
				ASSETCATALOG_COMPILER_APPICON_NAME = AppIcon;
				ASSETCATALOG_COMPILER_GLOBAL_ACCENT_COLOR_NAME = AccentColor;
				CODE_SIGN_STYLE = Automatic;
				CURRENT_PROJECT_VERSION = 1;
				GENERATE_INFOPLIST_FILE = YES;
				INFOPLIST_FILE = SplitWise/Info.plist;
				INFOPLIST_KEY_UIApplicationSupportsIndirectInputEvents = YES;
				INFOPLIST_KEY_UILaunchStoryboardName = LaunchScreen;
				INFOPLIST_KEY_UISupportedInterfaceOrientations_iPad = "UIInterfaceOrientationPortrait UIInterfaceOrientationPortraitUpsideDown UIInterfaceOrientationLandscapeLeft UIInterfaceOrientationLandscapeRight";
				INFOPLIST_KEY_UISupportedInterfaceOrientations_iPhone = "UIInterfaceOrientationPortrait UIInterfaceOrientationLandscapeLeft UIInterfaceOrientationLandscapeRight";
				LD_RUNPATH_SEARCH_PATHS = (
					"$(inherited)",
					"@executable_path/Frameworks",
				);
				MARKETING_VERSION = 1.0;
				PRODUCT_BUNDLE_IDENTIFIER = RandomCorp.SplitWise;
				PRODUCT_NAME = "$(TARGET_NAME)";
				SWIFT_EMIT_LOC_STRINGS = YES;
				SWIFT_VERSION = 5.0;
				TARGETED_DEVICE_FAMILY = "1,2";
			};
			name = Release;
		};
/* End XCBuildConfiguration section */

/* Begin XCConfigurationList section */
		1130F12628FDCAC500E735D4 /* Build configuration list for PBXProject "SplitWise" */ = {
			isa = XCConfigurationList;
			buildConfigurations = (
				1130F13D28FDCAD000E735D4 /* Debug */,
				1130F13E28FDCAD000E735D4 /* Release */,
			);
			defaultConfigurationIsVisible = 0;
			defaultConfigurationName = Release;
		};
		1130F13F28FDCAD000E735D4 /* Build configuration list for PBXNativeTarget "SplitWise" */ = {
			isa = XCConfigurationList;
			buildConfigurations = (
				1130F14028FDCAD000E735D4 /* Debug */,
				1130F14128FDCAD000E735D4 /* Release */,
			);
			defaultConfigurationIsVisible = 0;
			defaultConfigurationName = Release;
		};
/* End XCConfigurationList section */
	};
	rootObject = 1130F12328FDCAC500E735D4 /* Project object */;
}
